
Microsoft Visual Studio Solution File, Format Version 12.00
# Visual Studio Version 17
VisualStudioVersion = 17.1.32414.318
MinimumVisualStudioVersion = 10.0.40219.1
Project("{2150E333-8FDC-42A3-9474-1A3956D46DE8}") = "Application", "Application", "{DFE6C635-DD5D-44D1-BF91-AF8A1E0FE679}"
EndProject
Project("{2150E333-8FDC-42A3-9474-1A3956D46DE8}") = "Domain", "Domain", "{802CB8E7-FD88-4AAB-AB56-018A857F1BB8}"
EndProject
Project("{2150E333-8FDC-42A3-9474-1A3956D46DE8}") = "Infra.IoC", "Infra.IoC", "{457D48CC-DFE3-48FA-8B65-68A2AEE86766}"
EndProject
Project("{2150E333-8FDC-42A3-9474-1A3956D46DE8}") = "Infra.Data", "Infra.Data", "{54D18622-A56B-449E-B415-FA5320C043F1}"
EndProject
Project("{2150E333-8FDC-42A3-9474-1A3956D46DE8}") = "Presentation", "Presentation", "{9BC95812-3B84-4E8F-8454-8129D5BB13F2}"
EndProject
Project("{9A19103F-16F7-4668-BE54-9A1E7A4F7556}") = "CleanArch.Mvc", "CleanArch.Mvc\CleanArch.Mvc.csproj", "{45E8519D-D34D-4497-A051-2A5D48076B9A}"
EndProject
Project("{9A19103F-16F7-4668-BE54-9A1E7A4F7556}") = "CleanArch.Domain", "CleanArch.Domain\CleanArch.Domain.csproj", "{6CDB0081-6FF7-4909-A566-47A939DA544A}"
EndProject
Project("{9A19103F-16F7-4668-BE54-9A1E7A4F7556}") = "CleanArch.Infra.Data", "CleanArch.Infra.Data\CleanArch.Infra.Data.csproj", "{712850F2-4E66-4269-AF6F-983703041632}"
EndProject
Project("{FAE04EC0-301F-11D3-BF4B-00C04F79EFBC}") = "CleanArch.Application", "CleanArch.Application\CleanArch.Application.csproj", "{D7A0E4B0-2929-414A-B1FC-688703ED739A}"
EndProject
Project("{FAE04EC0-301F-11D3-BF4B-00C04F79EFBC}") = "CleanArch.Infra.IoC", "CleanArch.Infra.IoC\CleanArch.Infra.IoC.csproj", "{92A221B1-3BBE-459C-9297-5EA5CBC90430}"
EndProject
Global
	GlobalSection(SolutionConfigurationPlatforms) = preSolution
		Debug|Any CPU = Debug|Any CPU
		Release|Any CPU = Release|Any CPU
	EndGlobalSection
	GlobalSection(ProjectConfigurationPlatforms) = postSolution
		{45E8519D-D34D-4497-A051-2A5D48076B9A}.Debug|Any CPU.ActiveCfg = Debug|Any CPU
		{45E8519D-D34D-4497-A051-2A5D48076B9A}.Debug|Any CPU.Build.0 = Debug|Any CPU
		{45E8519D-D34D-4497-A051-2A5D48076B9A}.Release|Any CPU.ActiveCfg = Release|Any CPU
		{45E8519D-D34D-4497-A051-2A5D48076B9A}.Release|Any CPU.Build.0 = Release|Any CPU
		{6CDB0081-6FF7-4909-A566-47A939DA544A}.Debug|Any CPU.ActiveCfg = Debug|Any CPU
		{6CDB0081-6FF7-4909-A566-47A939DA544A}.Debug|Any CPU.Build.0 = Debug|Any CPU
		{6CDB0081-6FF7-4909-A566-47A939DA544A}.Release|Any CPU.ActiveCfg = Release|Any CPU
		{6CDB0081-6FF7-4909-A566-47A939DA544A}.Release|Any CPU.Build.0 = Release|Any CPU
		{712850F2-4E66-4269-AF6F-983703041632}.Debug|Any CPU.ActiveCfg = Debug|Any CPU
		{712850F2-4E66-4269-AF6F-983703041632}.Debug|Any CPU.Build.0 = Debug|Any CPU
		{712850F2-4E66-4269-AF6F-983703041632}.Release|Any CPU.ActiveCfg = Release|Any CPU
		{712850F2-4E66-4269-AF6F-983703041632}.Release|Any CPU.Build.0 = Release|Any CPU
		{D7A0E4B0-2929-414A-B1FC-688703ED739A}.Debug|Any CPU.ActiveCfg = Debug|Any CPU
		{D7A0E4B0-2929-414A-B1FC-688703ED739A}.Debug|Any CPU.Build.0 = Debug|Any CPU
		{D7A0E4B0-2929-414A-B1FC-688703ED739A}.Release|Any CPU.ActiveCfg = Release|Any CPU
		{D7A0E4B0-2929-414A-B1FC-688703ED739A}.Release|Any CPU.Build.0 = Release|Any CPU
		{92A221B1-3BBE-459C-9297-5EA5CBC90430}.Debug|Any CPU.ActiveCfg = Debug|Any CPU
		{92A221B1-3BBE-459C-9297-5EA5CBC90430}.Debug|Any CPU.Build.0 = Debug|Any CPU
		{92A221B1-3BBE-459C-9297-5EA5CBC90430}.Release|Any CPU.ActiveCfg = Release|Any CPU
		{92A221B1-3BBE-459C-9297-5EA5CBC90430}.Release|Any CPU.Build.0 = Release|Any CPU
	EndGlobalSection
	GlobalSection(SolutionProperties) = preSolution
		HideSolutionNode = FALSE
	EndGlobalSection
	GlobalSection(NestedProjects) = preSolution
		{45E8519D-D34D-4497-A051-2A5D48076B9A} = {9BC95812-3B84-4E8F-8454-8129D5BB13F2}
		{6CDB0081-6FF7-4909-A566-47A939DA544A} = {802CB8E7-FD88-4AAB-AB56-018A857F1BB8}
		{712850F2-4E66-4269-AF6F-983703041632} = {54D18622-A56B-449E-B415-FA5320C043F1}
		{D7A0E4B0-2929-414A-B1FC-688703ED739A} = {DFE6C635-DD5D-44D1-BF91-AF8A1E0FE679}
		{92A221B1-3BBE-459C-9297-5EA5CBC90430} = {457D48CC-DFE3-48FA-8B65-68A2AEE86766}
	EndGlobalSection
	GlobalSection(ExtensibilityGlobals) = postSolution
		SolutionGuid = {005854DF-AC71-4C54-B4F5-14BEF96901BC}
	EndGlobalSection
EndGlobal
